
Microsoft Visual Studio Solution File, Format Version 12.00
Project("{2150E333-8FDC-42A3-9474-1A3956D46DE8}") = "Services", "Services", "{C09FE7AC-310A-4CBA-AB14-6358D9E7D1B2}"
EndProject
Project("{2150E333-8FDC-42A3-9474-1A3956D46DE8}") = "Catalog", "Catalog", "{F28399F3-1414-456B-8FDA-9EB25BFDB998}"
EndProject
Project("{FAE04EC0-301F-11D3-BF4B-00C04F79EFBC}") = "MultiShop.Catalog", "Services\Catalog\MultiShop.Catalog\MultiShop.Catalog.csproj", "{8B834105-D5EE-4D4B-AD0D-AF87B0A0A13D}"
EndProject
Project("{2150E333-8FDC-42A3-9474-1A3956D46DE8}") = "Discount", "Discount", "{B4E0BB05-341A-41B0-A21B-9A5DAF987EF8}"
EndProject
Project("{FAE04EC0-301F-11D3-BF4B-00C04F79EFBC}") = "MultiShop.Discount", "Services\Discount\MultiShop.Discount\MultiShop.Discount.csproj", "{60A4AFD4-AF42-44C9-BAD2-A877B750DF49}"
EndProject
Project("{2150E333-8FDC-42A3-9474-1A3956D46DE8}") = "Order", "Order", "{FB11BD20-4003-4A93-AEF9-7897EF41AD6E}"
EndProject
Project("{2150E333-8FDC-42A3-9474-1A3956D46DE8}") = "Core", "Core", "{15BA76AD-2FBA-42D1-9278-1515B1B426A8}"
EndProject
Project("{2150E333-8FDC-42A3-9474-1A3956D46DE8}") = "Infrastructure", "Infrastructure", "{E25FCB7C-E3F9-4606-A386-561AB9484D83}"
EndProject
Project("{2150E333-8FDC-42A3-9474-1A3956D46DE8}") = "Presentation", "Presentation", "{BF97242F-7627-4859-B8F3-262B7748AF15}"
EndProject
Project("{FAE04EC0-301F-11D3-BF4B-00C04F79EFBC}") = "MultiShop.Order.Persistence", "Services\Order\Infrastructure\MultiShop.Order.Persistence\MultiShop.Order.Persistence.csproj", "{F7BD4031-CDEE-4C73-9761-C1185830C2B9}"
EndProject
Project("{FAE04EC0-301F-11D3-BF4B-00C04F79EFBC}") = "MultiShop.Order.Domain", "Services\Order\Core\MultiShop.Order.Domain\MultiShop.Order.Domain.csproj", "{D86C66F0-BE2A-452A-BD31-24DDDBF92F32}"
EndProject
Project("{FAE04EC0-301F-11D3-BF4B-00C04F79EFBC}") = "MultiShop.Order.Application", "Services\Order\Core\MultiShop.Order.Application\MultiShop.Order.Application.csproj", "{9154B1DE-7410-4268-B5FB-D2DDD6ED1389}"
EndProject
Project("{FAE04EC0-301F-11D3-BF4B-00C04F79EFBC}") = "MultiShop.Order.Presentation", "Services\Order\MultiShop.Order.Presentation\MultiShop.Order.Presentation.csproj", "{1E9588C4-AB9B-45B4-B8B2-22A35D0F7CC1}"
EndProject
Project("{2150E333-8FDC-42A3-9474-1A3956D46DE8}") = "IdentityServer", "IdentityServer", "{ECB8733B-E3AE-4E8A-AED5-A172FEF4DF20}"
EndProject
Project("{FAE04EC0-301F-11D3-BF4B-00C04F79EFBC}") = "MultiShop.IdentityServer", "IdentityServer\MultiShop.IdentityServer\MultiShop.IdentityServer.csproj", "{C5ADE2A6-503F-4371-883F-A90697F33ABC}"
EndProject
Project("{2150E333-8FDC-42A3-9474-1A3956D46DE8}") = "Cargo", "Cargo", "{C6099984-CCC7-4690-A8F9-4585F6D50AD8}"
EndProject
Project("{FAE04EC0-301F-11D3-BF4B-00C04F79EFBC}") = "MultiShop.Cargo.EntityLayer", "Services\Cargo\MultiShop.Cargo.EntityLayer\MultiShop.Cargo.EntityLayer.csproj", "{F38F5DAD-A4A9-413C-BE54-8D7B28C90E23}"
EndProject
Project("{FAE04EC0-301F-11D3-BF4B-00C04F79EFBC}") = "MultiShop.Cargo.BusinessLayer", "Services\Cargo\MultiShop.Cargo.BusinessLayer\MultiShop.Cargo.BusinessLayer.csproj", "{3DEEEE42-9705-4A4B-96F0-B64B8311B8D8}"
EndProject
Project("{FAE04EC0-301F-11D3-BF4B-00C04F79EFBC}") = "MultiShop.Cargo.DtoLayer", "Services\Cargo\MultiShop.Cargo.DtoLayer\MultiShop.Cargo.DtoLayer.csproj", "{BA971AAF-36A5-443F-8674-6053106FA648}"
EndProject
Project("{FAE04EC0-301F-11D3-BF4B-00C04F79EFBC}") = "MultiShop.Cargo.DataAccessLayer", "Services\Cargo\MultiShop.Cargo.DataAccessLayer\MultiShop.Cargo.DataAccessLayer.csproj", "{3335EC34-3CA2-4294-9192-A45E6FF0ED4E}"
EndProject
Project("{FAE04EC0-301F-11D3-BF4B-00C04F79EFBC}") = "MultiShop.Cargo.WebAPI", "Services\Cargo\MultiShop.Cargo.WebAPI\MultiShop.Cargo.WebAPI.csproj", "{42799D0E-FA4E-4A47-80A1-4C7056ADB164}"
EndProject
Project("{2150E333-8FDC-42A3-9474-1A3956D46DE8}") = "Basket", "Basket", "{0096B54C-65D0-4832-BA6D-A071F87582B1}"
EndProject
Project("{FAE04EC0-301F-11D3-BF4B-00C04F79EFBC}") = "MultiShop.Basket", "Services\Basket\MultiShop.Basket\MultiShop.Basket.csproj", "{13307807-817C-488F-9060-A3710F456D56}"
EndProject
Project("{2150E333-8FDC-42A3-9474-1A3956D46DE8}") = "Frontends", "Frontends", "{1CAB8609-4DBB-4A0A-BDCB-7C52D01FAD4D}"
EndProject
Project("{FAE04EC0-301F-11D3-BF4B-00C04F79EFBC}") = "MultiShop.WebUI", "Frontends\MultiShop.WebUI\MultiShop.WebUI.csproj", "{D8CC494E-9569-4970-8DA7-A20FD75A9FF7}"
EndProject
Global
	GlobalSection(SolutionConfigurationPlatforms) = preSolution
		Debug|Any CPU = Debug|Any CPU
		Release|Any CPU = Release|Any CPU
	EndGlobalSection
	GlobalSection(ProjectConfigurationPlatforms) = postSolution
		{8B834105-D5EE-4D4B-AD0D-AF87B0A0A13D}.Debug|Any CPU.ActiveCfg = Debug|Any CPU
		{8B834105-D5EE-4D4B-AD0D-AF87B0A0A13D}.Debug|Any CPU.Build.0 = Debug|Any CPU
		{8B834105-D5EE-4D4B-AD0D-AF87B0A0A13D}.Release|Any CPU.ActiveCfg = Release|Any CPU
		{8B834105-D5EE-4D4B-AD0D-AF87B0A0A13D}.Release|Any CPU.Build.0 = Release|Any CPU
		{60A4AFD4-AF42-44C9-BAD2-A877B750DF49}.Debug|Any CPU.ActiveCfg = Debug|Any CPU
		{60A4AFD4-AF42-44C9-BAD2-A877B750DF49}.Debug|Any CPU.Build.0 = Debug|Any CPU
		{60A4AFD4-AF42-44C9-BAD2-A877B750DF49}.Release|Any CPU.ActiveCfg = Release|Any CPU
		{60A4AFD4-AF42-44C9-BAD2-A877B750DF49}.Release|Any CPU.Build.0 = Release|Any CPU
		{F7BD4031-CDEE-4C73-9761-C1185830C2B9}.Debug|Any CPU.ActiveCfg = Debug|Any CPU
		{F7BD4031-CDEE-4C73-9761-C1185830C2B9}.Debug|Any CPU.Build.0 = Debug|Any CPU
		{F7BD4031-CDEE-4C73-9761-C1185830C2B9}.Release|Any CPU.ActiveCfg = Release|Any CPU
		{F7BD4031-CDEE-4C73-9761-C1185830C2B9}.Release|Any CPU.Build.0 = Release|Any CPU
		{D86C66F0-BE2A-452A-BD31-24DDDBF92F32}.Debug|Any CPU.ActiveCfg = Debug|Any CPU
		{D86C66F0-BE2A-452A-BD31-24DDDBF92F32}.Debug|Any CPU.Build.0 = Debug|Any CPU
		{D86C66F0-BE2A-452A-BD31-24DDDBF92F32}.Release|Any CPU.ActiveCfg = Release|Any CPU
		{D86C66F0-BE2A-452A-BD31-24DDDBF92F32}.Release|Any CPU.Build.0 = Release|Any CPU
		{9154B1DE-7410-4268-B5FB-D2DDD6ED1389}.Debug|Any CPU.ActiveCfg = Debug|Any CPU
		{9154B1DE-7410-4268-B5FB-D2DDD6ED1389}.Debug|Any CPU.Build.0 = Debug|Any CPU
		{9154B1DE-7410-4268-B5FB-D2DDD6ED1389}.Release|Any CPU.ActiveCfg = Release|Any CPU
		{9154B1DE-7410-4268-B5FB-D2DDD6ED1389}.Release|Any CPU.Build.0 = Release|Any CPU
		{1E9588C4-AB9B-45B4-B8B2-22A35D0F7CC1}.Debug|Any CPU.ActiveCfg = Debug|Any CPU
		{1E9588C4-AB9B-45B4-B8B2-22A35D0F7CC1}.Debug|Any CPU.Build.0 = Debug|Any CPU
		{1E9588C4-AB9B-45B4-B8B2-22A35D0F7CC1}.Release|Any CPU.ActiveCfg = Release|Any CPU
		{1E9588C4-AB9B-45B4-B8B2-22A35D0F7CC1}.Release|Any CPU.Build.0 = Release|Any CPU
		{C5ADE2A6-503F-4371-883F-A90697F33ABC}.Debug|Any CPU.ActiveCfg = Debug|Any CPU
		{C5ADE2A6-503F-4371-883F-A90697F33ABC}.Debug|Any CPU.Build.0 = Debug|Any CPU
		{C5ADE2A6-503F-4371-883F-A90697F33ABC}.Release|Any CPU.ActiveCfg = Release|Any CPU
		{C5ADE2A6-503F-4371-883F-A90697F33ABC}.Release|Any CPU.Build.0 = Release|Any CPU
		{F38F5DAD-A4A9-413C-BE54-8D7B28C90E23}.Debug|Any CPU.ActiveCfg = Debug|Any CPU
		{F38F5DAD-A4A9-413C-BE54-8D7B28C90E23}.Debug|Any CPU.Build.0 = Debug|Any CPU
		{F38F5DAD-A4A9-413C-BE54-8D7B28C90E23}.Release|Any CPU.ActiveCfg = Release|Any CPU
		{F38F5DAD-A4A9-413C-BE54-8D7B28C90E23}.Release|Any CPU.Build.0 = Release|Any CPU
		{3DEEEE42-9705-4A4B-96F0-B64B8311B8D8}.Debug|Any CPU.ActiveCfg = Debug|Any CPU
		{3DEEEE42-9705-4A4B-96F0-B64B8311B8D8}.Debug|Any CPU.Build.0 = Debug|Any CPU
		{3DEEEE42-9705-4A4B-96F0-B64B8311B8D8}.Release|Any CPU.ActiveCfg = Release|Any CPU
		{3DEEEE42-9705-4A4B-96F0-B64B8311B8D8}.Release|Any CPU.Build.0 = Release|Any CPU
		{BA971AAF-36A5-443F-8674-6053106FA648}.Debug|Any CPU.ActiveCfg = Debug|Any CPU
		{BA971AAF-36A5-443F-8674-6053106FA648}.Debug|Any CPU.Build.0 = Debug|Any CPU
		{BA971AAF-36A5-443F-8674-6053106FA648}.Release|Any CPU.ActiveCfg = Release|Any CPU
		{BA971AAF-36A5-443F-8674-6053106FA648}.Release|Any CPU.Build.0 = Release|Any CPU
		{3335EC34-3CA2-4294-9192-A45E6FF0ED4E}.Debug|Any CPU.ActiveCfg = Debug|Any CPU
		{3335EC34-3CA2-4294-9192-A45E6FF0ED4E}.Debug|Any CPU.Build.0 = Debug|Any CPU
		{3335EC34-3CA2-4294-9192-A45E6FF0ED4E}.Release|Any CPU.ActiveCfg = Release|Any CPU
		{3335EC34-3CA2-4294-9192-A45E6FF0ED4E}.Release|Any CPU.Build.0 = Release|Any CPU
		{42799D0E-FA4E-4A47-80A1-4C7056ADB164}.Debug|Any CPU.ActiveCfg = Debug|Any CPU
		{42799D0E-FA4E-4A47-80A1-4C7056ADB164}.Debug|Any CPU.Build.0 = Debug|Any CPU
		{42799D0E-FA4E-4A47-80A1-4C7056ADB164}.Release|Any CPU.ActiveCfg = Release|Any CPU
		{42799D0E-FA4E-4A47-80A1-4C7056ADB164}.Release|Any CPU.Build.0 = Release|Any CPU
		{13307807-817C-488F-9060-A3710F456D56}.Debug|Any CPU.ActiveCfg = Debug|Any CPU
		{13307807-817C-488F-9060-A3710F456D56}.Debug|Any CPU.Build.0 = Debug|Any CPU
		{13307807-817C-488F-9060-A3710F456D56}.Release|Any CPU.ActiveCfg = Release|Any CPU
		{13307807-817C-488F-9060-A3710F456D56}.Release|Any CPU.Build.0 = Release|Any CPU
		{D8CC494E-9569-4970-8DA7-A20FD75A9FF7}.Debug|Any CPU.ActiveCfg = Debug|Any CPU
		{D8CC494E-9569-4970-8DA7-A20FD75A9FF7}.Debug|Any CPU.Build.0 = Debug|Any CPU
		{D8CC494E-9569-4970-8DA7-A20FD75A9FF7}.Release|Any CPU.ActiveCfg = Release|Any CPU
		{D8CC494E-9569-4970-8DA7-A20FD75A9FF7}.Release|Any CPU.Build.0 = Release|Any CPU
	EndGlobalSection
	GlobalSection(NestedProjects) = preSolution
		{F28399F3-1414-456B-8FDA-9EB25BFDB998} = {C09FE7AC-310A-4CBA-AB14-6358D9E7D1B2}
		{8B834105-D5EE-4D4B-AD0D-AF87B0A0A13D} = {F28399F3-1414-456B-8FDA-9EB25BFDB998}
		{B4E0BB05-341A-41B0-A21B-9A5DAF987EF8} = {C09FE7AC-310A-4CBA-AB14-6358D9E7D1B2}
		{60A4AFD4-AF42-44C9-BAD2-A877B750DF49} = {B4E0BB05-341A-41B0-A21B-9A5DAF987EF8}
		{FB11BD20-4003-4A93-AEF9-7897EF41AD6E} = {C09FE7AC-310A-4CBA-AB14-6358D9E7D1B2}
		{15BA76AD-2FBA-42D1-9278-1515B1B426A8} = {FB11BD20-4003-4A93-AEF9-7897EF41AD6E}
		{E25FCB7C-E3F9-4606-A386-561AB9484D83} = {FB11BD20-4003-4A93-AEF9-7897EF41AD6E}
		{BF97242F-7627-4859-B8F3-262B7748AF15} = {FB11BD20-4003-4A93-AEF9-7897EF41AD6E}
		{F7BD4031-CDEE-4C73-9761-C1185830C2B9} = {E25FCB7C-E3F9-4606-A386-561AB9484D83}
		{D86C66F0-BE2A-452A-BD31-24DDDBF92F32} = {15BA76AD-2FBA-42D1-9278-1515B1B426A8}
		{9154B1DE-7410-4268-B5FB-D2DDD6ED1389} = {15BA76AD-2FBA-42D1-9278-1515B1B426A8}
		{1E9588C4-AB9B-45B4-B8B2-22A35D0F7CC1} = {BF97242F-7627-4859-B8F3-262B7748AF15}
		{C5ADE2A6-503F-4371-883F-A90697F33ABC} = {ECB8733B-E3AE-4E8A-AED5-A172FEF4DF20}
		{C6099984-CCC7-4690-A8F9-4585F6D50AD8} = {C09FE7AC-310A-4CBA-AB14-6358D9E7D1B2}
		{F38F5DAD-A4A9-413C-BE54-8D7B28C90E23} = {C6099984-CCC7-4690-A8F9-4585F6D50AD8}
		{3DEEEE42-9705-4A4B-96F0-B64B8311B8D8} = {C6099984-CCC7-4690-A8F9-4585F6D50AD8}
		{BA971AAF-36A5-443F-8674-6053106FA648} = {C6099984-CCC7-4690-A8F9-4585F6D50AD8}
		{3335EC34-3CA2-4294-9192-A45E6FF0ED4E} = {C6099984-CCC7-4690-A8F9-4585F6D50AD8}
		{42799D0E-FA4E-4A47-80A1-4C7056ADB164} = {C6099984-CCC7-4690-A8F9-4585F6D50AD8}
		{0096B54C-65D0-4832-BA6D-A071F87582B1} = {C09FE7AC-310A-4CBA-AB14-6358D9E7D1B2}
		{13307807-817C-488F-9060-A3710F456D56} = {0096B54C-65D0-4832-BA6D-A071F87582B1}
		{D8CC494E-9569-4970-8DA7-A20FD75A9FF7} = {1CAB8609-4DBB-4A0A-BDCB-7C52D01FAD4D}
	EndGlobalSection
EndGlobal
